// !$*UTF8*$!
{
	archiveVersion = 1;
	classes = {
	};
	objectVersion = 56;
	objects = {

/* Begin PBXBuildFile section */
		C319146F2C22B5F70031DFF6 /* AppDelegate.swift in Sources */ = {isa = PBXBuildFile; fileRef = C319146E2C22B5F70031DFF6 /* AppDelegate.swift */; };
		C31914712C22B5F70031DFF6 /* SceneDelegate.swift in Sources */ = {isa = PBXBuildFile; fileRef = C31914702C22B5F70031DFF6 /* SceneDelegate.swift */; };
		C31914732C22B5F70031DFF6 /* ViewController.swift in Sources */ = {isa = PBXBuildFile; fileRef = C31914722C22B5F70031DFF6 /* ViewController.swift */; };
		C31914762C22B5F70031DFF6 /* Base in Resources */ = {isa = PBXBuildFile; fileRef = C31914752C22B5F70031DFF6 /* Base */; };
		C31914782C22B5F90031DFF6 /* Assets.xcassets in Resources */ = {isa = PBXBuildFile; fileRef = C31914772C22B5F90031DFF6 /* Assets.xcassets */; };
		C319147B2C22B5F90031DFF6 /* Base in Resources */ = {isa = PBXBuildFile; fileRef = C319147A2C22B5F90031DFF6 /* Base */; };
		C31914862C22B5F90031DFF6 /* RestaurantAppTests.swift in Sources */ = {isa = PBXBuildFile; fileRef = C31914852C22B5F90031DFF6 /* RestaurantAppTests.swift */; };
		C31914902C22B5F90031DFF6 /* RestaurantAppUITests.swift in Sources */ = {isa = PBXBuildFile; fileRef = C319148F2C22B5F90031DFF6 /* RestaurantAppUITests.swift */; };
		C31914922C22B5F90031DFF6 /* RestaurantAppUITestsLaunchTests.swift in Sources */ = {isa = PBXBuildFile; fileRef = C31914912C22B5F90031DFF6 /* RestaurantAppUITestsLaunchTests.swift */; };
		C36CC5B32C22BF5100CD9028 /* AuthStoryBoard.storyboard in Resources */ = {isa = PBXBuildFile; fileRef = C36CC5B22C22BF5100CD9028 /* AuthStoryBoard.storyboard */; };
		C36CC5B72C22C08900CD9028 /* LoginViewController.swift in Sources */ = {isa = PBXBuildFile; fileRef = C36CC5B62C22C08900CD9028 /* LoginViewController.swift */; };
		C36CC5B92C22E14E00CD9028 /* SignupViewController.swift in Sources */ = {isa = PBXBuildFile; fileRef = C36CC5B82C22E14E00CD9028 /* SignupViewController.swift */; };
/* End PBXBuildFile section */

/* Begin PBXContainerItemProxy section */
		C31914822C22B5F90031DFF6 /* PBXContainerItemProxy */ = {
			isa = PBXContainerItemProxy;
			containerPortal = C31914632C22B5F70031DFF6 /* Project object */;
			proxyType = 1;
			remoteGlobalIDString = C319146A2C22B5F70031DFF6;
			remoteInfo = RestaurantApp;
		};
		C319148C2C22B5F90031DFF6 /* PBXContainerItemProxy */ = {
			isa = PBXContainerItemProxy;
			containerPortal = C31914632C22B5F70031DFF6 /* Project object */;
			proxyType = 1;
			remoteGlobalIDString = C319146A2C22B5F70031DFF6;
			remoteInfo = RestaurantApp;
		};
/* End PBXContainerItemProxy section */

/* Begin PBXFileReference section */
		C319146B2C22B5F70031DFF6 /* RestaurantApp.app */ = {isa = PBXFileReference; explicitFileType = wrapper.application; includeInIndex = 0; path = RestaurantApp.app; sourceTree = BUILT_PRODUCTS_DIR; };
		C319146E2C22B5F70031DFF6 /* AppDelegate.swift */ = {isa = PBXFileReference; lastKnownFileType = sourcecode.swift; path = AppDelegate.swift; sourceTree = "<group>"; };
		C31914702C22B5F70031DFF6 /* SceneDelegate.swift */ = {isa = PBXFileReference; lastKnownFileType = sourcecode.swift; path = SceneDelegate.swift; sourceTree = "<group>"; };
		C31914722C22B5F70031DFF6 /* ViewController.swift */ = {isa = PBXFileReference; lastKnownFileType = sourcecode.swift; path = ViewController.swift; sourceTree = "<group>"; };
		C31914752C22B5F70031DFF6 /* Base */ = {isa = PBXFileReference; lastKnownFileType = file.storyboard; name = Base; path = Base.lproj/Main.storyboard; sourceTree = "<group>"; };
		C31914772C22B5F90031DFF6 /* Assets.xcassets */ = {isa = PBXFileReference; lastKnownFileType = folder.assetcatalog; path = Assets.xcassets; sourceTree = "<group>"; };
		C319147A2C22B5F90031DFF6 /* Base */ = {isa = PBXFileReference; lastKnownFileType = file.storyboard; name = Base; path = Base.lproj/LaunchScreen.storyboard; sourceTree = "<group>"; };
		C319147C2C22B5F90031DFF6 /* Info.plist */ = {isa = PBXFileReference; lastKnownFileType = text.plist.xml; path = Info.plist; sourceTree = "<group>"; };
		C31914812C22B5F90031DFF6 /* RestaurantAppTests.xctest */ = {isa = PBXFileReference; explicitFileType = wrapper.cfbundle; includeInIndex = 0; path = RestaurantAppTests.xctest; sourceTree = BUILT_PRODUCTS_DIR; };
		C31914852C22B5F90031DFF6 /* RestaurantAppTests.swift */ = {isa = PBXFileReference; lastKnownFileType = sourcecode.swift; path = RestaurantAppTests.swift; sourceTree = "<group>"; };
		C319148B2C22B5F90031DFF6 /* RestaurantAppUITests.xctest */ = {isa = PBXFileReference; explicitFileType = wrapper.cfbundle; includeInIndex = 0; path = RestaurantAppUITests.xctest; sourceTree = BUILT_PRODUCTS_DIR; };
		C319148F2C22B5F90031DFF6 /* RestaurantAppUITests.swift */ = {isa = PBXFileReference; lastKnownFileType = sourcecode.swift; path = RestaurantAppUITests.swift; sourceTree = "<group>"; };
		C31914912C22B5F90031DFF6 /* RestaurantAppUITestsLaunchTests.swift */ = {isa = PBXFileReference; lastKnownFileType = sourcecode.swift; path = RestaurantAppUITestsLaunchTests.swift; sourceTree = "<group>"; };
		C36CC5B22C22BF5100CD9028 /* AuthStoryBoard.storyboard */ = {isa = PBXFileReference; lastKnownFileType = file.storyboard; path = AuthStoryBoard.storyboard; sourceTree = "<group>"; };
		C36CC5B62C22C08900CD9028 /* LoginViewController.swift */ = {isa = PBXFileReference; lastKnownFileType = sourcecode.swift; path = LoginViewController.swift; sourceTree = "<group>"; };
		C36CC5B82C22E14E00CD9028 /* SignupViewController.swift */ = {isa = PBXFileReference; lastKnownFileType = sourcecode.swift; path = SignupViewController.swift; sourceTree = "<group>"; };
/* End PBXFileReference section */

/* Begin PBXFrameworksBuildPhase section */
		C31914682C22B5F70031DFF6 /* Frameworks */ = {
			isa = PBXFrameworksBuildPhase;
			buildActionMask = 2147483647;
			files = (
			);
			runOnlyForDeploymentPostprocessing = 0;
		};
		C319147E2C22B5F90031DFF6 /* Frameworks */ = {
			isa = PBXFrameworksBuildPhase;
			buildActionMask = 2147483647;
			files = (
			);
			runOnlyForDeploymentPostprocessing = 0;
		};
		C31914882C22B5F90031DFF6 /* Frameworks */ = {
			isa = PBXFrameworksBuildPhase;
			buildActionMask = 2147483647;
			files = (
			);
			runOnlyForDeploymentPostprocessing = 0;
		};
/* End PBXFrameworksBuildPhase section */

/* Begin PBXGroup section */
		C31914622C22B5F70031DFF6 = {
			isa = PBXGroup;
			children = (
				C319146D2C22B5F70031DFF6 /* RestaurantApp */,
				C31914842C22B5F90031DFF6 /* RestaurantAppTests */,
				C319148E2C22B5F90031DFF6 /* RestaurantAppUITests */,
				C319146C2C22B5F70031DFF6 /* Products */,
			);
			sourceTree = "<group>";
		};
		C319146C2C22B5F70031DFF6 /* Products */ = {
			isa = PBXGroup;
			children = (
				C319146B2C22B5F70031DFF6 /* RestaurantApp.app */,
				C31914812C22B5F90031DFF6 /* RestaurantAppTests.xctest */,
				C319148B2C22B5F90031DFF6 /* RestaurantAppUITests.xctest */,
			);
			name = Products;
			sourceTree = "<group>";
		};
		C319146D2C22B5F70031DFF6 /* RestaurantApp */ = {
			isa = PBXGroup;
			children = (
				C36CC5B42C22C05000CD9028 /* AuthModule */,
				C319146E2C22B5F70031DFF6 /* AppDelegate.swift */,
				C31914702C22B5F70031DFF6 /* SceneDelegate.swift */,
				C31914722C22B5F70031DFF6 /* ViewController.swift */,
				C31914742C22B5F70031DFF6 /* Main.storyboard */,
				C31914772C22B5F90031DFF6 /* Assets.xcassets */,
				C31914792C22B5F90031DFF6 /* LaunchScreen.storyboard */,
				C319147C2C22B5F90031DFF6 /* Info.plist */,
				C36CC5B22C22BF5100CD9028 /* AuthStoryBoard.storyboard */,
			);
			path = RestaurantApp;
			sourceTree = "<group>";
		};
		C31914842C22B5F90031DFF6 /* RestaurantAppTests */ = {
			isa = PBXGroup;
			children = (
				C31914852C22B5F90031DFF6 /* RestaurantAppTests.swift */,
			);
			path = RestaurantAppTests;
			sourceTree = "<group>";
		};
		C319148E2C22B5F90031DFF6 /* RestaurantAppUITests */ = {
			isa = PBXGroup;
			children = (
				C319148F2C22B5F90031DFF6 /* RestaurantAppUITests.swift */,
				C31914912C22B5F90031DFF6 /* RestaurantAppUITestsLaunchTests.swift */,
			);
			path = RestaurantAppUITests;
			sourceTree = "<group>";
		};
		C36CC5B42C22C05000CD9028 /* AuthModule */ = {
			isa = PBXGroup;
			children = (
				C36CC5B52C22C07300CD9028 /* Screens */,
			);
			path = AuthModule;
			sourceTree = "<group>";
		};
		C36CC5B52C22C07300CD9028 /* Screens */ = {
			isa = PBXGroup;
			children = (
				C36CC5B62C22C08900CD9028 /* LoginViewController.swift */,
				C36CC5B82C22E14E00CD9028 /* SignupViewController.swift */,
			);
			path = Screens;
			sourceTree = "<group>";
		};
/* End PBXGroup section */

/* Begin PBXNativeTarget section */
		C319146A2C22B5F70031DFF6 /* RestaurantApp */ = {
			isa = PBXNativeTarget;
			buildConfigurationList = C31914952C22B5F90031DFF6 /* Build configuration list for PBXNativeTarget "RestaurantApp" */;
			buildPhases = (
				C31914672C22B5F70031DFF6 /* Sources */,
				C31914682C22B5F70031DFF6 /* Frameworks */,
				C31914692C22B5F70031DFF6 /* Resources */,
			);
			buildRules = (
			);
			dependencies = (
			);
			name = RestaurantApp;
			productName = RestaurantApp;
			productReference = C319146B2C22B5F70031DFF6 /* RestaurantApp.app */;
			productType = "com.apple.product-type.application";
		};
		C31914802C22B5F90031DFF6 /* RestaurantAppTests */ = {
			isa = PBXNativeTarget;
			buildConfigurationList = C31914982C22B5F90031DFF6 /* Build configuration list for PBXNativeTarget "RestaurantAppTests" */;
			buildPhases = (
				C319147D2C22B5F90031DFF6 /* Sources */,
				C319147E2C22B5F90031DFF6 /* Frameworks */,
				C319147F2C22B5F90031DFF6 /* Resources */,
			);
			buildRules = (
			);
			dependencies = (
				C31914832C22B5F90031DFF6 /* PBXTargetDependency */,
			);
			name = RestaurantAppTests;
			productName = RestaurantAppTests;
			productReference = C31914812C22B5F90031DFF6 /* RestaurantAppTests.xctest */;
			productType = "com.apple.product-type.bundle.unit-test";
		};
		C319148A2C22B5F90031DFF6 /* RestaurantAppUITests */ = {
			isa = PBXNativeTarget;
			buildConfigurationList = C319149B2C22B5F90031DFF6 /* Build configuration list for PBXNativeTarget "RestaurantAppUITests" */;
			buildPhases = (
				C31914872C22B5F90031DFF6 /* Sources */,
				C31914882C22B5F90031DFF6 /* Frameworks */,
				C31914892C22B5F90031DFF6 /* Resources */,
			);
			buildRules = (
			);
			dependencies = (
				C319148D2C22B5F90031DFF6 /* PBXTargetDependency */,
			);
			name = RestaurantAppUITests;
			productName = RestaurantAppUITests;
			productReference = C319148B2C22B5F90031DFF6 /* RestaurantAppUITests.xctest */;
			productType = "com.apple.product-type.bundle.ui-testing";
		};
/* End PBXNativeTarget section */

/* Begin PBXProject section */
		C31914632C22B5F70031DFF6 /* Project object */ = {
			isa = PBXProject;
			attributes = {
				BuildIndependentTargetsInParallel = 1;
				LastSwiftUpdateCheck = 1530;
				LastUpgradeCheck = 1530;
				TargetAttributes = {
					C319146A2C22B5F70031DFF6 = {
						CreatedOnToolsVersion = 15.3;
					};
					C31914802C22B5F90031DFF6 = {
						CreatedOnToolsVersion = 15.3;
						TestTargetID = C319146A2C22B5F70031DFF6;
					};
					C319148A2C22B5F90031DFF6 = {
						CreatedOnToolsVersion = 15.3;
						TestTargetID = C319146A2C22B5F70031DFF6;
					};
				};
			};
			buildConfigurationList = C31914662C22B5F70031DFF6 /* Build configuration list for PBXProject "RestaurantApp" */;
			compatibilityVersion = "Xcode 14.0";
			developmentRegion = en;
			hasScannedForEncodings = 0;
			knownRegions = (
				en,
				Base,
			);
			mainGroup = C31914622C22B5F70031DFF6;
			productRefGroup = C319146C2C22B5F70031DFF6 /* Products */;
			projectDirPath = "";
			projectRoot = "";
			targets = (
				C319146A2C22B5F70031DFF6 /* RestaurantApp */,
				C31914802C22B5F90031DFF6 /* RestaurantAppTests */,
				C319148A2C22B5F90031DFF6 /* RestaurantAppUITests */,
			);
		};
/* End PBXProject section */

/* Begin PBXResourcesBuildPhase section */
		C31914692C22B5F70031DFF6 /* Resources */ = {
			isa = PBXResourcesBuildPhase;
			buildActionMask = 2147483647;
			files = (
				C31914782C22B5F90031DFF6 /* Assets.xcassets in Resources */,
				C319147B2C22B5F90031DFF6 /* Base in Resources */,
				C31914762C22B5F70031DFF6 /* Base in Resources */,
				C36CC5B32C22BF5100CD9028 /* AuthStoryBoard.storyboard in Resources */,
			);
			runOnlyForDeploymentPostprocessing = 0;
		};
		C319147F2C22B5F90031DFF6 /* Resources */ = {
			isa = PBXResourcesBuildPhase;
			buildActionMask = 2147483647;
			files = (
			);
			runOnlyForDeploymentPostprocessing = 0;
		};
		C31914892C22B5F90031DFF6 /* Resources */ = {
			isa = PBXResourcesBuildPhase;
			buildActionMask = 2147483647;
			files = (
			);
			runOnlyForDeploymentPostprocessing = 0;
		};
/* End PBXResourcesBuildPhase section */

/* Begin PBXSourcesBuildPhase section */
		C31914672C22B5F70031DFF6 /* Sources */ = {
			isa = PBXSourcesBuildPhase;
			buildActionMask = 2147483647;
			files = (
				C36CC5B72C22C08900CD9028 /* LoginViewController.swift in Sources */,
				C31914732C22B5F70031DFF6 /* ViewController.swift in Sources */,
				C36CC5B92C22E14E00CD9028 /* SignupViewController.swift in Sources */,
				C319146F2C22B5F70031DFF6 /* AppDelegate.swift in Sources */,
				C31914712C22B5F70031DFF6 /* SceneDelegate.swift in Sources */,
			);
			runOnlyForDeploymentPostprocessing = 0;
		};
		C319147D2C22B5F90031DFF6 /* Sources */ = {
			isa = PBXSourcesBuildPhase;
			buildActionMask = 2147483647;
			files = (
				C31914862C22B5F90031DFF6 /* RestaurantAppTests.swift in Sources */,
			);
			runOnlyForDeploymentPostprocessing = 0;
		};
		C31914872C22B5F90031DFF6 /* Sources */ = {
			isa = PBXSourcesBuildPhase;
			buildActionMask = 2147483647;
			files = (
				C31914902C22B5F90031DFF6 /* RestaurantAppUITests.swift in Sources */,
				C31914922C22B5F90031DFF6 /* RestaurantAppUITestsLaunchTests.swift in Sources */,
			);
			runOnlyForDeploymentPostprocessing = 0;
		};
/* End PBXSourcesBuildPhase section */

/* Begin PBXTargetDependency section */
		C31914832C22B5F90031DFF6 /* PBXTargetDependency */ = {
			isa = PBXTargetDependency;
			target = C319146A2C22B5F70031DFF6 /* RestaurantApp */;
			targetProxy = C31914822C22B5F90031DFF6 /* PBXContainerItemProxy */;
		};
		C319148D2C22B5F90031DFF6 /* PBXTargetDependency */ = {
			isa = PBXTargetDependency;
			target = C319146A2C22B5F70031DFF6 /* RestaurantApp */;
			targetProxy = C319148C2C22B5F90031DFF6 /* PBXContainerItemProxy */;
		};
/* End PBXTargetDependency section */

/* Begin PBXVariantGroup section */
		C31914742C22B5F70031DFF6 /* Main.storyboard */ = {
			isa = PBXVariantGroup;
			children = (
				C31914752C22B5F70031DFF6 /* Base */,
			);
			name = Main.storyboard;
			sourceTree = "<group>";
		};
		C31914792C22B5F90031DFF6 /* LaunchScreen.storyboard */ = {
			isa = PBXVariantGroup;
			children = (
				C319147A2C22B5F90031DFF6 /* Base */,
			);
			name = LaunchScreen.storyboard;
			sourceTree = "<group>";
		};
/* End PBXVariantGroup section */

/* Begin XCBuildConfiguration section */
		C31914932C22B5F90031DFF6 /* Debug */ = {
			isa = XCBuildConfiguration;
			buildSettings = {
				ALWAYS_SEARCH_USER_PATHS = NO;
				ASSETCATALOG_COMPILER_GENERATE_SWIFT_ASSET_SYMBOL_EXTENSIONS = YES;
				CLANG_ANALYZER_NONNULL = YES;
				CLANG_ANALYZER_NUMBER_OBJECT_CONVERSION = YES_AGGRESSIVE;
				CLANG_CXX_LANGUAGE_STANDARD = "gnu++20";
				CLANG_ENABLE_MODULES = YES;
				CLANG_ENABLE_OBJC_ARC = YES;
				CLANG_ENABLE_OBJC_WEAK = YES;
				CLANG_WARN_BLOCK_CAPTURE_AUTORELEASING = YES;
				CLANG_WARN_BOOL_CONVERSION = YES;
				CLANG_WARN_COMMA = YES;
				CLANG_WARN_CONSTANT_CONVERSION = YES;
				CLANG_WARN_DEPRECATED_OBJC_IMPLEMENTATIONS = YES;
				CLANG_WARN_DIRECT_OBJC_ISA_USAGE = YES_ERROR;
				CLANG_WARN_DOCUMENTATION_COMMENTS = YES;
				CLANG_WARN_EMPTY_BODY = YES;
				CLANG_WARN_ENUM_CONVERSION = YES;
				CLANG_WARN_INFINITE_RECURSION = YES;
				CLANG_WARN_INT_CONVERSION = YES;
				CLANG_WARN_NON_LITERAL_NULL_CONVERSION = YES;
				CLANG_WARN_OBJC_IMPLICIT_RETAIN_SELF = YES;
				CLANG_WARN_OBJC_LITERAL_CONVERSION = YES;
				CLANG_WARN_OBJC_ROOT_CLASS = YES_ERROR;
				CLANG_WARN_QUOTED_INCLUDE_IN_FRAMEWORK_HEADER = YES;
				CLANG_WARN_RANGE_LOOP_ANALYSIS = YES;
				CLANG_WARN_STRICT_PROTOTYPES = YES;
				CLANG_WARN_SUSPICIOUS_MOVE = YES;
				CLANG_WARN_UNGUARDED_AVAILABILITY = YES_AGGRESSIVE;
				CLANG_WARN_UNREACHABLE_CODE = YES;
				CLANG_WARN__DUPLICATE_METHOD_MATCH = YES;
				COPY_PHASE_STRIP = NO;
				DEBUG_INFORMATION_FORMAT = dwarf;
				ENABLE_STRICT_OBJC_MSGSEND = YES;
				ENABLE_TESTABILITY = YES;
				ENABLE_USER_SCRIPT_SANDBOXING = YES;
				GCC_C_LANGUAGE_STANDARD = gnu17;
				GCC_DYNAMIC_NO_PIC = NO;
				GCC_NO_COMMON_BLOCKS = YES;
				GCC_OPTIMIZATION_LEVEL = 0;
				GCC_PREPROCESSOR_DEFINITIONS = (
					"DEBUG=1",
					"$(inherited)",
				);
				GCC_WARN_64_TO_32_BIT_CONVERSION = YES;
				GCC_WARN_ABOUT_RETURN_TYPE = YES_ERROR;
				GCC_WARN_UNDECLARED_SELECTOR = YES;
				GCC_WARN_UNINITIALIZED_AUTOS = YES_AGGRESSIVE;
				GCC_WARN_UNUSED_FUNCTION = YES;
				GCC_WARN_UNUSED_VARIABLE = YES;
				IPHONEOS_DEPLOYMENT_TARGET = 17.4;
				LOCALIZATION_PREFERS_STRING_CATALOGS = YES;
				MTL_ENABLE_DEBUG_INFO = INCLUDE_SOURCE;
				MTL_FAST_MATH = YES;
				ONLY_ACTIVE_ARCH = YES;
				SDKROOT = iphoneos;
				SWIFT_ACTIVE_COMPILATION_CONDITIONS = "DEBUG $(inherited)";
				SWIFT_OPTIMIZATION_LEVEL = "-Onone";
			};
			name = Debug;
		};
		C31914942C22B5F90031DFF6 /* Release */ = {
			isa = XCBuildConfiguration;
			buildSettings = {
				ALWAYS_SEARCH_USER_PATHS = NO;
				ASSETCATALOG_COMPILER_GENERATE_SWIFT_ASSET_SYMBOL_EXTENSIONS = YES;
				CLANG_ANALYZER_NONNULL = YES;
				CLANG_ANALYZER_NUMBER_OBJECT_CONVERSION = YES_AGGRESSIVE;
				CLANG_CXX_LANGUAGE_STANDARD = "gnu++20";
				CLANG_ENABLE_MODULES = YES;
				CLANG_ENABLE_OBJC_ARC = YES;
				CLANG_ENABLE_OBJC_WEAK = YES;
				CLANG_WARN_BLOCK_CAPTURE_AUTORELEASING = YES;
				CLANG_WARN_BOOL_CONVERSION = YES;
				CLANG_WARN_COMMA = YES;
				CLANG_WARN_CONSTANT_CONVERSION = YES;
				CLANG_WARN_DEPRECATED_OBJC_IMPLEMENTATIONS = YES;
				CLANG_WARN_DIRECT_OBJC_ISA_USAGE = YES_ERROR;
				CLANG_WARN_DOCUMENTATION_COMMENTS = YES;
				CLANG_WARN_EMPTY_BODY = YES;
				CLANG_WARN_ENUM_CONVERSION = YES;
				CLANG_WARN_INFINITE_RECURSION = YES;
				CLANG_WARN_INT_CONVERSION = YES;
				CLANG_WARN_NON_LITERAL_NULL_CONVERSION = YES;
				CLANG_WARN_OBJC_IMPLICIT_RETAIN_SELF = YES;
				CLANG_WARN_OBJC_LITERAL_CONVERSION = YES;
				CLANG_WARN_OBJC_ROOT_CLASS = YES_ERROR;
				CLANG_WARN_QUOTED_INCLUDE_IN_FRAMEWORK_HEADER = YES;
				CLANG_WARN_RANGE_LOOP_ANALYSIS = YES;
				CLANG_WARN_STRICT_PROTOTYPES = YES;
				CLANG_WARN_SUSPICIOUS_MOVE = YES;
				CLANG_WARN_UNGUARDED_AVAILABILITY = YES_AGGRESSIVE;
				CLANG_WARN_UNREACHABLE_CODE = YES;
				CLANG_WARN__DUPLICATE_METHOD_MATCH = YES;
				COPY_PHASE_STRIP = NO;
				DEBUG_INFORMATION_FORMAT = "dwarf-with-dsym";
				ENABLE_NS_ASSERTIONS = NO;
				ENABLE_STRICT_OBJC_MSGSEND = YES;
				ENABLE_USER_SCRIPT_SANDBOXING = YES;
				GCC_C_LANGUAGE_STANDARD = gnu17;
				GCC_NO_COMMON_BLOCKS = YES;
				GCC_WARN_64_TO_32_BIT_CONVERSION = YES;
				GCC_WARN_ABOUT_RETURN_TYPE = YES_ERROR;
				GCC_WARN_UNDECLARED_SELECTOR = YES;
				GCC_WARN_UNINITIALIZED_AUTOS = YES_AGGRESSIVE;
				GCC_WARN_UNUSED_FUNCTION = YES;
				GCC_WARN_UNUSED_VARIABLE = YES;
				IPHONEOS_DEPLOYMENT_TARGET = 17.4;
				LOCALIZATION_PREFERS_STRING_CATALOGS = YES;
				MTL_ENABLE_DEBUG_INFO = NO;
				MTL_FAST_MATH = YES;
				SDKROOT = iphoneos;
				SWIFT_COMPILATION_MODE = wholemodule;
				VALIDATE_PRODUCT = YES;
			};
			name = Release;
		};
		C31914962C22B5F90031DFF6 /* Debug */ = {
			isa = XCBuildConfiguration;
			buildSettings = {
				ASSETCATALOG_COMPILER_APPICON_NAME = AppIcon;
				ASSETCATALOG_COMPILER_GLOBAL_ACCENT_COLOR_NAME = AccentColor;
				CODE_SIGN_STYLE = Automatic;
				CURRENT_PROJECT_VERSION = 1;
				GENERATE_INFOPLIST_FILE = YES;
				INFOPLIST_FILE = RestaurantApp/Info.plist;
				INFOPLIST_KEY_UIApplicationSupportsIndirectInputEvents = YES;
				INFOPLIST_KEY_UILaunchStoryboardName = LaunchScreen;
				INFOPLIST_KEY_UIMainStoryboardFile = Main;
				INFOPLIST_KEY_UISupportedInterfaceOrientations_iPad = "UIInterfaceOrientationPortrait UIInterfaceOrientationPortraitUpsideDown UIInterfaceOrientationLandscapeLeft UIInterfaceOrientationLandscapeRight";
				INFOPLIST_KEY_UISupportedInterfaceOrientations_iPhone = "UIInterfaceOrientationPortrait UIInterfaceOrientationLandscapeLeft UIInterfaceOrientationLandscapeRight";
				IPHONEOS_DEPLOYMENT_TARGET = 16.0;
				LD_RUNPATH_SEARCH_PATHS = (
					"$(inherited)",
					"@executable_path/Frameworks",
				);
				MARKETING_VERSION = 1.0;
				PRODUCT_BUNDLE_IDENTIFIER = wcg.RestaurantApp;
				PRODUCT_NAME = "$(TARGET_NAME)";
				SWIFT_EMIT_LOC_STRINGS = YES;
				SWIFT_VERSION = 5.0;
				TARGETED_DEVICE_FAMILY = "1,2";
			};
			name = Debug;
		};
		C31914972C22B5F90031DFF6 /* Release */ = {
			isa = XCBuildConfiguration;
			buildSettings = {
				ASSETCATALOG_COMPILER_APPICON_NAME = AppIcon;
				ASSETCATALOG_COMPILER_GLOBAL_ACCENT_COLOR_NAME = AccentColor;
				CODE_SIGN_STYLE = Automatic;
				CURRENT_PROJECT_VERSION = 1;
				GENERATE_INFOPLIST_FILE = YES;
				INFOPLIST_FILE = RestaurantApp/Info.plist;
				INFOPLIST_KEY_UIApplicationSupportsIndirectInputEvents = YES;
				INFOPLIST_KEY_UILaunchStoryboardName = LaunchScreen;
				INFOPLIST_KEY_UIMainStoryboardFile = Main;
				INFOPLIST_KEY_UISupportedInterfaceOrientations_iPad = "UIInterfaceOrientationPortrait UIInterfaceOrientationPortraitUpsideDown UIInterfaceOrientationLandscapeLeft UIInterfaceOrientationLandscapeRight";
				INFOPLIST_KEY_UISupportedInterfaceOrientations_iPhone = "UIInterfaceOrientationPortrait UIInterfaceOrientationLandscapeLeft UIInterfaceOrientationLandscapeRight";
				IPHONEOS_DEPLOYMENT_TARGET = 16.0;
				LD_RUNPATH_SEARCH_PATHS = (
					"$(inherited)",
					"@executable_path/Frameworks",
				);
				MARKETING_VERSION = 1.0;
				PRODUCT_BUNDLE_IDENTIFIER = wcg.RestaurantApp;
				PRODUCT_NAME = "$(TARGET_NAME)";
				SWIFT_EMIT_LOC_STRINGS = YES;
				SWIFT_VERSION = 5.0;
				TARGETED_DEVICE_FAMILY = "1,2";
			};
			name = Release;
		};
		C31914992C22B5F90031DFF6 /* Debug */ = {
			isa = XCBuildConfiguration;
			buildSettings = {
				ALWAYS_EMBED_SWIFT_STANDARD_LIBRARIES = YES;
				BUNDLE_LOADER = "$(TEST_HOST)";
				CODE_SIGN_STYLE = Automatic;
				CURRENT_PROJECT_VERSION = 1;
				GENERATE_INFOPLIST_FILE = YES;
				IPHONEOS_DEPLOYMENT_TARGET = 17.4;
				MARKETING_VERSION = 1.0;
				PRODUCT_BUNDLE_IDENTIFIER = wcg.RestaurantAppTests;
				PRODUCT_NAME = "$(TARGET_NAME)";
				SWIFT_EMIT_LOC_STRINGS = NO;
				SWIFT_VERSION = 5.0;
				TARGETED_DEVICE_FAMILY = "1,2";
				TEST_HOST = "$(BUILT_PRODUCTS_DIR)/RestaurantApp.app/$(BUNDLE_EXECUTABLE_FOLDER_PATH)/RestaurantApp";
			};
			name = Debug;
		};
		C319149A2C22B5F90031DFF6 /* Release */ = {
			isa = XCBuildConfiguration;
			buildSettings = {
				ALWAYS_EMBED_SWIFT_STANDARD_LIBRARIES = YES;
				BUNDLE_LOADER = "$(TEST_HOST)";
				CODE_SIGN_STYLE = Automatic;
				CURRENT_PROJECT_VERSION = 1;
				GENERATE_INFOPLIST_FILE = YES;
				IPHONEOS_DEPLOYMENT_TARGET = 17.4;
				MARKETING_VERSION = 1.0;
				PRODUCT_BUNDLE_IDENTIFIER = wcg.RestaurantAppTests;
				PRODUCT_NAME = "$(TARGET_NAME)";
				SWIFT_EMIT_LOC_STRINGS = NO;
				SWIFT_VERSION = 5.0;
				TARGETED_DEVICE_FAMILY = "1,2";
				TEST_HOST = "$(BUILT_PRODUCTS_DIR)/RestaurantApp.app/$(BUNDLE_EXECUTABLE_FOLDER_PATH)/RestaurantApp";
			};
			name = Release;
		};
		C319149C2C22B5F90031DFF6 /* Debug */ = {
			isa = XCBuildConfiguration;
			buildSettings = {
				ALWAYS_EMBED_SWIFT_STANDARD_LIBRARIES = YES;
				CODE_SIGN_STYLE = Automatic;
				CURRENT_PROJECT_VERSION = 1;
				GENERATE_INFOPLIST_FILE = YES;
				MARKETING_VERSION = 1.0;
				PRODUCT_BUNDLE_IDENTIFIER = wcg.RestaurantAppUITests;
				PRODUCT_NAME = "$(TARGET_NAME)";
				SWIFT_EMIT_LOC_STRINGS = NO;
				SWIFT_VERSION = 5.0;
				TARGETED_DEVICE_FAMILY = "1,2";
				TEST_TARGET_NAME = RestaurantApp;
			};
			name = Debug;
		};
		C319149D2C22B5F90031DFF6 /* Release */ = {
			isa = XCBuildConfiguration;
			buildSettings = {
				ALWAYS_EMBED_SWIFT_STANDARD_LIBRARIES = YES;
				CODE_SIGN_STYLE = Automatic;
				CURRENT_PROJECT_VERSION = 1;
				GENERATE_INFOPLIST_FILE = YES;
				MARKETING_VERSION = 1.0;
				PRODUCT_BUNDLE_IDENTIFIER = wcg.RestaurantAppUITests;
				PRODUCT_NAME = "$(TARGET_NAME)";
				SWIFT_EMIT_LOC_STRINGS = NO;
				SWIFT_VERSION = 5.0;
				TARGETED_DEVICE_FAMILY = "1,2";
				TEST_TARGET_NAME = RestaurantApp;
			};
			name = Release;
		};
/* End XCBuildConfiguration section */

/* Begin XCConfigurationList section */
		C31914662C22B5F70031DFF6 /* Build configuration list for PBXProject "RestaurantApp" */ = {
			isa = XCConfigurationList;
			buildConfigurations = (
				C31914932C22B5F90031DFF6 /* Debug */,
				C31914942C22B5F90031DFF6 /* Release */,
			);
			defaultConfigurationIsVisible = 0;
			defaultConfigurationName = Release;
		};
		C31914952C22B5F90031DFF6 /* Build configuration list for PBXNativeTarget "RestaurantApp" */ = {
			isa = XCConfigurationList;
			buildConfigurations = (
				C31914962C22B5F90031DFF6 /* Debug */,
				C31914972C22B5F90031DFF6 /* Release */,
			);
			defaultConfigurationIsVisible = 0;
			defaultConfigurationName = Release;
		};
		C31914982C22B5F90031DFF6 /* Build configuration list for PBXNativeTarget "RestaurantAppTests" */ = {
			isa = XCConfigurationList;
			buildConfigurations = (
				C31914992C22B5F90031DFF6 /* Debug */,
				C319149A2C22B5F90031DFF6 /* Release */,
			);
			defaultConfigurationIsVisible = 0;
			defaultConfigurationName = Release;
		};
		C319149B2C22B5F90031DFF6 /* Build configuration list for PBXNativeTarget "RestaurantAppUITests" */ = {
			isa = XCConfigurationList;
			buildConfigurations = (
				C319149C2C22B5F90031DFF6 /* Debug */,
				C319149D2C22B5F90031DFF6 /* Release */,
			);
			defaultConfigurationIsVisible = 0;
			defaultConfigurationName = Release;
		};
/* End XCConfigurationList section */
	};
	rootObject = C31914632C22B5F70031DFF6 /* Project object */;
}
